// !$*UTF8*$!
{
	archiveVersion = 1;
	classes = {
	};
	objectVersion = 55;
	objects = {

/* Begin PBXBuildFile section */
		2234B4AC2822BF0100B8CCB0 /* AppDelegate.swift in Sources */ = {isa = PBXBuildFile; fileRef = 2234B4AB2822BF0100B8CCB0 /* AppDelegate.swift */; };
		2234B4AE2822BF0100B8CCB0 /* SceneDelegate.swift in Sources */ = {isa = PBXBuildFile; fileRef = 2234B4AD2822BF0100B8CCB0 /* SceneDelegate.swift */; };
		2234B4B32822BF0100B8CCB0 /* Main.storyboard in Resources */ = {isa = PBXBuildFile; fileRef = 2234B4B12822BF0100B8CCB0 /* Main.storyboard */; };
		2234B4B52822BF0400B8CCB0 /* Assets.xcassets in Resources */ = {isa = PBXBuildFile; fileRef = 2234B4B42822BF0400B8CCB0 /* Assets.xcassets */; };
		2234B4B82822BF0400B8CCB0 /* LaunchScreen.storyboard in Resources */ = {isa = PBXBuildFile; fileRef = 2234B4B62822BF0400B8CCB0 /* LaunchScreen.storyboard */; };
		2234B4DC2822C38200B8CCB0 /* TableViewController.swift in Sources */ = {isa = PBXBuildFile; fileRef = 2234B4DB2822C38200B8CCB0 /* TableViewController.swift */; };
		2234B4DF2822C46900B8CCB0 /* Games.swift in Sources */ = {isa = PBXBuildFile; fileRef = 2234B4DE2822C46900B8CCB0 /* Games.swift */; };
		2234B4E52822C91A00B8CCB0 /* GameCell.swift in Sources */ = {isa = PBXBuildFile; fileRef = 2234B4E32822C91A00B8CCB0 /* GameCell.swift */; };
		2234B4E62822C91A00B8CCB0 /* GameCell.xib in Resources */ = {isa = PBXBuildFile; fileRef = 2234B4E42822C91A00B8CCB0 /* GameCell.xib */; };
		4393834C2FFAE21E003ACC20 /* GameDetailViewController.swift in Sources */ = {isa = PBXBuildFile; fileRef = 4393834B2FFAE21E003ACC20 /* GameDetailViewController.swift */; };
		4393834E2FFAE2E2003ACC20 /* ScreenshotViewerController.swift in Sources */ = {isa = PBXBuildFile; fileRef = 4393834D2FFAE2E2003ACC20 /* ScreenshotViewerController.swift */; };
		43949C452FFBAE26009E11E5 /* Localizable.xcstrings in Resources */ = {isa = PBXBuildFile; fileRef = 43949C442FFBAE26009E11E5 /* Localizable.xcstrings */; };
		43949C472FFBAE29009E11E5 /* InfoPlist.xcstrings in Resources */ = {isa = PBXBuildFile; fileRef = 43949C462FFBAE29009E11E5 /* InfoPlist.xcstrings */; };
/* End PBXBuildFile section */

/* Begin PBXContainerItemProxy section */
		2234B4BF2822BF0400B8CCB0 /* PBXContainerItemProxy */ = {
			isa = PBXContainerItemProxy;
			containerPortal = 2234B4A02822BF0100B8CCB0 /* Project object */;
			proxyType = 1;
			remoteGlobalIDString = 2234B4A72822BF0100B8CCB0;
			remoteInfo = "Gamer's Calendar";
		};
		2234B4C92822BF0400B8CCB0 /* PBXContainerItemProxy */ = {
			isa = PBXContainerItemProxy;
			containerPortal = 2234B4A02822BF0100B8CCB0 /* Project object */;
			proxyType = 1;
			remoteGlobalIDString = 2234B4A72822BF0100B8CCB0;
			remoteInfo = "Gamer's Calendar";
		};
/* End PBXContainerItemProxy section */

/* Begin PBXFileReference section */
		2234B4A82822BF0100B8CCB0 /* Gamer's Calendar.app */ = {isa = PBXFileReference; explicitFileType = wrapper.application; includeInIndex = 0; path = "Gamer's Calendar.app"; sourceTree = BUILT_PRODUCTS_DIR; };
		2234B4AB2822BF0100B8CCB0 /* AppDelegate.swift */ = {isa = PBXFileReference; lastKnownFileType = sourcecode.swift; path = AppDelegate.swift; sourceTree = "<group>"; };
		2234B4AD2822BF0100B8CCB0 /* SceneDelegate.swift */ = {isa = PBXFileReference; lastKnownFileType = sourcecode.swift; path = SceneDelegate.swift; sourceTree = "<group>"; };
		2234B4B22822BF0100B8CCB0 /* Base */ = {isa = PBXFileReference; lastKnownFileType = file.storyboard; name = Base; path = Base.lproj/Main.storyboard; sourceTree = "<group>"; };
		2234B4B42822BF0400B8CCB0 /* Assets.xcassets */ = {isa = PBXFileReference; lastKnownFileType = folder.assetcatalog; path = Assets.xcassets; sourceTree = "<group>"; };
		2234B4B72822BF0400B8CCB0 /* Base */ = {isa = PBXFileReference; lastKnownFileType = file.storyboard; name = Base; path = Base.lproj/LaunchScreen.storyboard; sourceTree = "<group>"; };
		2234B4B92822BF0400B8CCB0 /* Info.plist */ = {isa = PBXFileReference; lastKnownFileType = text.plist.xml; path = Info.plist; sourceTree = "<group>"; };
		2234B4BE2822BF0400B8CCB0 /* Gamer's CalendarTests.xctest */ = {isa = PBXFileReference; explicitFileType = wrapper.cfbundle; includeInIndex = 0; path = "Gamer's CalendarTests.xctest"; sourceTree = BUILT_PRODUCTS_DIR; };
		2234B4C82822BF0400B8CCB0 /* Gamer's CalendarUITests.xctest */ = {isa = PBXFileReference; explicitFileType = wrapper.cfbundle; includeInIndex = 0; path = "Gamer's CalendarUITests.xctest"; sourceTree = BUILT_PRODUCTS_DIR; };
		2234B4DB2822C38200B8CCB0 /* TableViewController.swift */ = {isa = PBXFileReference; lastKnownFileType = sourcecode.swift; path = TableViewController.swift; sourceTree = "<group>"; };
		2234B4DE2822C46900B8CCB0 /* Games.swift */ = {isa = PBXFileReference; lastKnownFileType = sourcecode.swift; path = Games.swift; sourceTree = "<group>"; };
		2234B4E32822C91A00B8CCB0 /* GameCell.swift */ = {isa = PBXFileReference; lastKnownFileType = sourcecode.swift; path = GameCell.swift; sourceTree = "<group>"; };
		2234B4E42822C91A00B8CCB0 /* GameCell.xib */ = {isa = PBXFileReference; lastKnownFileType = file.xib; path = GameCell.xib; sourceTree = "<group>"; };
		4393834B2FFAE21E003ACC20 /* GameDetailViewController.swift */ = {isa = PBXFileReference; lastKnownFileType = sourcecode.swift; path = GameDetailViewController.swift; sourceTree = "<group>"; };
		4393834D2FFAE2E2003ACC20 /* ScreenshotViewerController.swift */ = {isa = PBXFileReference; lastKnownFileType = sourcecode.swift; path = ScreenshotViewerController.swift; sourceTree = "<group>"; };
		43949C442FFBAE26009E11E5 /* Localizable.xcstrings */ = {isa = PBXFileReference; lastKnownFileType = text.json.xcstrings; path = Localizable.xcstrings; sourceTree = "<group>"; };
		43949C462FFBAE29009E11E5 /* InfoPlist.xcstrings */ = {isa = PBXFileReference; lastKnownFileType = text.json.xcstrings; path = InfoPlist.xcstrings; sourceTree = "<group>"; };
/* End PBXFileReference section */

/* Begin PBXFrameworksBuildPhase section */
		2234B4A52822BF0100B8CCB0 /* Frameworks */ = {
			isa = PBXFrameworksBuildPhase;
			buildActionMask = 2147483647;
			files = (
			);
			runOnlyForDeploymentPostprocessing = 0;
		};
		2234B4BB2822BF0400B8CCB0 /* Frameworks */ = {
			isa = PBXFrameworksBuildPhase;
			buildActionMask = 2147483647;
			files = (
			);
			runOnlyForDeploymentPostprocessing = 0;
		};
		2234B4C52822BF0400B8CCB0 /* Frameworks */ = {
			isa = PBXFrameworksBuildPhase;
			buildActionMask = 2147483647;
			files = (
			);
			runOnlyForDeploymentPostprocessing = 0;
		};
/* End PBXFrameworksBuildPhase section */

/* Begin PBXGroup section */
		2234B49F2822BF0100B8CCB0 = {
			isa = PBXGroup;
			children = (
				2234B4AA2822BF0100B8CCB0 /* Gamer's Calendar */,
				2234B4A92822BF0100B8CCB0 /* Products */,
			);
			sourceTree = "<group>";
		};
		2234B4A92822BF0100B8CCB0 /* Products */ = {
			isa = PBXGroup;
			children = (
				2234B4A82822BF0100B8CCB0 /* Gamer's Calendar.app */,
				2234B4BE2822BF0400B8CCB0 /* Gamer's CalendarTests.xctest */,
				2234B4C82822BF0400B8CCB0 /* Gamer's CalendarUITests.xctest */,
			);
			name = Products;
			sourceTree = "<group>";
		};
		2234B4AA2822BF0100B8CCB0 /* Gamer's Calendar */ = {
			isa = PBXGroup;
			children = (
				2234B4E02822C8B800B8CCB0 /* View */,
				2234B4AB2822BF0100B8CCB0 /* AppDelegate.swift */,
				2234B4AD2822BF0100B8CCB0 /* SceneDelegate.swift */,
				2234B4DB2822C38200B8CCB0 /* TableViewController.swift */,
				2234B4DD2822C45500B8CCB0 /* Model */,
				2234B4B12822BF0100B8CCB0 /* Main.storyboard */,
				2234B4B42822BF0400B8CCB0 /* Assets.xcassets */,
				2234B4B62822BF0400B8CCB0 /* LaunchScreen.storyboard */,
				2234B4B92822BF0400B8CCB0 /* Info.plist */,
				4393834B2FFAE21E003ACC20 /* GameDetailViewController.swift */,
				4393834D2FFAE2E2003ACC20 /* ScreenshotViewerController.swift */,
				43949C442FFBAE26009E11E5 /* Localizable.xcstrings */,
				43949C462FFBAE29009E11E5 /* InfoPlist.xcstrings */,
			);
			path = "Gamer's Calendar";
			sourceTree = "<group>";
		};
		2234B4DD2822C45500B8CCB0 /* Model */ = {
			isa = PBXGroup;
			children = (
				2234B4DE2822C46900B8CCB0 /* Games.swift */,
			);
			path = Model;
			sourceTree = "<group>";
		};
		2234B4E02822C8B800B8CCB0 /* View */ = {
			isa = PBXGroup;
			children = (
				2234B4E32822C91A00B8CCB0 /* GameCell.swift */,
				2234B4E42822C91A00B8CCB0 /* GameCell.xib */,
			);
			path = View;
			sourceTree = "<group>";
		};
/* End PBXGroup section */

/* Begin PBXNativeTarget section */
		2234B4A72822BF0100B8CCB0 /* Gamer's Calendar */ = {
			isa = PBXNativeTarget;
			buildConfigurationList = 2234B4D22822BF0400B8CCB0 /* Build configuration list for PBXNativeTarget "Gamer's Calendar" */;
			buildPhases = (
				2234B4A42822BF0100B8CCB0 /* Sources */,
				2234B4A52822BF0100B8CCB0 /* Frameworks */,
				2234B4A62822BF0100B8CCB0 /* Resources */,
			);
			buildRules = (
			);
			dependencies = (
			);
			name = "Gamer's Calendar";
			productName = "Gamer's Calendar";
			productReference = 2234B4A82822BF0100B8CCB0 /* Gamer's Calendar.app */;
			productType = "com.apple.product-type.application";
		};
		2234B4BD2822BF0400B8CCB0 /* Gamer's CalendarTests */ = {
			isa = PBXNativeTarget;
			buildConfigurationList = 2234B4D52822BF0400B8CCB0 /* Build configuration list for PBXNativeTarget "Gamer's CalendarTests" */;
			buildPhases = (
				2234B4BA2822BF0400B8CCB0 /* Sources */,
				2234B4BB2822BF0400B8CCB0 /* Frameworks */,
				2234B4BC2822BF0400B8CCB0 /* Resources */,
			);
			buildRules = (
			);
			dependencies = (
				2234B4C02822BF0400B8CCB0 /* PBXTargetDependency */,
			);
			name = "Gamer's CalendarTests";
			productName = "Gamer's CalendarTests";
			productReference = 2234B4BE2822BF0400B8CCB0 /* Gamer's CalendarTests.xctest */;
			productType = "com.apple.product-type.bundle.unit-test";
		};
		2234B4C72822BF0400B8CCB0 /* Gamer's CalendarUITests */ = {
			isa = PBXNativeTarget;
			buildConfigurationList = 2234B4D82822BF0400B8CCB0 /* Build configuration list for PBXNativeTarget "Gamer's CalendarUITests" */;
			buildPhases = (
				2234B4C42822BF0400B8CCB0 /* Sources */,
				2234B4C52822BF0400B8CCB0 /* Frameworks */,
				2234B4C62822BF0400B8CCB0 /* Resources */,
			);
			buildRules = (
			);
			dependencies = (
				2234B4CA2822BF0400B8CCB0 /* PBXTargetDependency */,
			);
			name = "Gamer's CalendarUITests";
			productName = "Gamer's CalendarUITests";
			productReference = 2234B4C82822BF0400B8CCB0 /* Gamer's CalendarUITests.xctest */;
			productType = "com.apple.product-type.bundle.ui-testing";
		};
/* End PBXNativeTarget section */

/* Begin PBXProject section */
		2234B4A02822BF0100B8CCB0 /* Project object */ = {
			isa = PBXProject;
			attributes = {
				BuildIndependentTargetsInParallel = 1;
				LastSwiftUpdateCheck = 1330;
				LastUpgradeCheck = 2660;
				TargetAttributes = {
					2234B4A72822BF0100B8CCB0 = {
						CreatedOnToolsVersion = 13.3.1;
					};
					2234B4BD2822BF0400B8CCB0 = {
						CreatedOnToolsVersion = 13.3.1;
						TestTargetID = 2234B4A72822BF0100B8CCB0;
					};
					2234B4C72822BF0400B8CCB0 = {
						CreatedOnToolsVersion = 13.3.1;
						TestTargetID = 2234B4A72822BF0100B8CCB0;
					};
				};
			};
			buildConfigurationList = 2234B4A32822BF0100B8CCB0 /* Build configuration list for PBXProject "Gamer's Calendar" */;
			compatibilityVersion = "Xcode 13.0";
			developmentRegion = en;
			hasScannedForEncodings = 0;
			knownRegions = (
				en,
				Base,
				ru,
			);
			mainGroup = 2234B49F2822BF0100B8CCB0;
			productRefGroup = 2234B4A92822BF0100B8CCB0 /* Products */;
			projectDirPath = "";
			projectRoot = "";
			targets = (
				2234B4A72822BF0100B8CCB0 /* Gamer's Calendar */,
				2234B4BD2822BF0400B8CCB0 /* Gamer's CalendarTests */,
				2234B4C72822BF0400B8CCB0 /* Gamer's CalendarUITests */,
			);
		};
/* End PBXProject section */

/* Begin PBXResourcesBuildPhase section */
		2234B4A62822BF0100B8CCB0 /* Resources */ = {
			isa = PBXResourcesBuildPhase;
			buildActionMask = 2147483647;
			files = (
				43949C472FFBAE29009E11E5 /* InfoPlist.xcstrings in Resources */,
				2234B4B82822BF0400B8CCB0 /* LaunchScreen.storyboard in Resources */,
				43949C452FFBAE26009E11E5 /* Localizable.xcstrings in Resources */,
				2234B4B52822BF0400B8CCB0 /* Assets.xcassets in Resources */,
				2234B4B32822BF0100B8CCB0 /* Main.storyboard in Resources */,
				2234B4E62822C91A00B8CCB0 /* GameCell.xib in Resources */,
			);
			runOnlyForDeploymentPostprocessing = 0;
		};
		2234B4BC2822BF0400B8CCB0 /* Resources */ = {
			isa = PBXResourcesBuildPhase;
			buildActionMask = 2147483647;
			files = (
			);
			runOnlyForDeploymentPostprocessing = 0;
		};
		2234B4C62822BF0400B8CCB0 /* Resources */ = {
			isa = PBXResourcesBuildPhase;
			buildActionMask = 2147483647;
			files = (
			);
			runOnlyForDeploymentPostprocessing = 0;
		};
/* End PBXResourcesBuildPhase section */

/* Begin PBXSourcesBuildPhase section */
		2234B4A42822BF0100B8CCB0 /* Sources */ = {
			isa = PBXSourcesBuildPhase;
			buildActionMask = 2147483647;
			files = (
				2234B4E52822C91A00B8CCB0 /* GameCell.swift in Sources */,
				4393834C2FFAE21E003ACC20 /* GameDetailViewController.swift in Sources */,
				2234B4AC2822BF0100B8CCB0 /* AppDelegate.swift in Sources */,
				2234B4DC2822C38200B8CCB0 /* TableViewController.swift in Sources */,
				4393834E2FFAE2E2003ACC20 /* ScreenshotViewerController.swift in Sources */,
				2234B4AE2822BF0100B8CCB0 /* SceneDelegate.swift in Sources */,
				2234B4DF2822C46900B8CCB0 /* Games.swift in Sources */,
			);
			runOnlyForDeploymentPostprocessing = 0;
		};
		2234B4BA2822BF0400B8CCB0 /* Sources */ = {
			isa = PBXSourcesBuildPhase;
			buildActionMask = 2147483647;
			files = (
			);
			runOnlyForDeploymentPostprocessing = 0;
		};
		2234B4C42822BF0400B8CCB0 /* Sources */ = {
			isa = PBXSourcesBuildPhase;
			buildActionMask = 2147483647;
			files = (
			);
			runOnlyForDeploymentPostprocessing = 0;
		};
/* End PBXSourcesBuildPhase section */

/* Begin PBXTargetDependency section */
		2234B4C02822BF0400B8CCB0 /* PBXTargetDependency */ = {
			isa = PBXTargetDependency;
			target = 2234B4A72822BF0100B8CCB0 /* Gamer's Calendar */;
			targetProxy = 2234B4BF2822BF0400B8CCB0 /* PBXContainerItemProxy */;
		};
		2234B4CA2822BF0400B8CCB0 /* PBXTargetDependency */ = {
			isa = PBXTargetDependency;
			target = 2234B4A72822BF0100B8CCB0 /* Gamer's Calendar */;
			targetProxy = 2234B4C92822BF0400B8CCB0 /* PBXContainerItemProxy */;
		};
/* End PBXTargetDependency section */

/* Begin PBXVariantGroup section */
		2234B4B12822BF0100B8CCB0 /* Main.storyboard */ = {
			isa = PBXVariantGroup;
			children = (
				2234B4B22822BF0100B8CCB0 /* Base */,
			);
			name = Main.storyboard;
			sourceTree = "<group>";
		};
		2234B4B62822BF0400B8CCB0 /* LaunchScreen.storyboard */ = {
			isa = PBXVariantGroup;
			children = (
				2234B4B72822BF0400B8CCB0 /* Base */,
			);
			name = LaunchScreen.storyboard;
			sourceTree = "<group>";
		};
/* End PBXVariantGroup section */

/* Begin XCBuildConfiguration section */
		2234B4D02822BF0400B8CCB0 /* Debug */ = {
			isa = XCBuildConfiguration;
			buildSettings = {
				ALWAYS_SEARCH_USER_PATHS = NO;
				ASSETCATALOG_COMPILER_GENERATE_SWIFT_ASSET_SYMBOL_EXTENSIONS = YES;
				CLANG_ANALYZER_NONNULL = YES;
				CLANG_ANALYZER_NUMBER_OBJECT_CONVERSION = YES_AGGRESSIVE;
				CLANG_CXX_LANGUAGE_STANDARD = "gnu++17";
				CLANG_ENABLE_MODULES = YES;
				CLANG_ENABLE_OBJC_ARC = YES;
				CLANG_ENABLE_OBJC_WEAK = YES;
				CLANG_WARN_BLOCK_CAPTURE_AUTORELEASING = YES;
				CLANG_WARN_BOOL_CONVERSION = YES;
				CLANG_WARN_COMMA = YES;
				CLANG_WARN_CONSTANT_CONVERSION = YES;
				CLANG_WARN_DEPRECATED_OBJC_IMPLEMENTATIONS = YES;
				CLANG_WARN_DIRECT_OBJC_ISA_USAGE = YES_ERROR;
				CLANG_WARN_DOCUMENTATION_COMMENTS = YES;
				CLANG_WARN_EMPTY_BODY = YES;
				CLANG_WARN_ENUM_CONVERSION = YES;
				CLANG_WARN_INFINITE_RECURSION = YES;
				CLANG_WARN_INT_CONVERSION = YES;
				CLANG_WARN_NON_LITERAL_NULL_CONVERSION = YES;
				CLANG_WARN_OBJC_IMPLICIT_RETAIN_SELF = YES;
				CLANG_WARN_OBJC_LITERAL_CONVERSION = YES;
				CLANG_WARN_OBJC_ROOT_CLASS = YES_ERROR;
				CLANG_WARN_QUOTED_INCLUDE_IN_FRAMEWORK_HEADER = YES;
				CLANG_WARN_RANGE_LOOP_ANALYSIS = YES;
				CLANG_WARN_STRICT_PROTOTYPES = YES;
				CLANG_WARN_SUSPICIOUS_MOVE = YES;
				CLANG_WARN_UNGUARDED_AVAILABILITY = YES_AGGRESSIVE;
				CLANG_WARN_UNREACHABLE_CODE = YES;
				CLANG_WARN__DUPLICATE_METHOD_MATCH = YES;
				COPY_PHASE_STRIP = NO;
				DEBUG_INFORMATION_FORMAT = dwarf;
				DEVELOPMENT_TEAM = Q95U4J4JFY;
				ENABLE_STRICT_OBJC_MSGSEND = YES;
				ENABLE_TESTABILITY = YES;
				ENABLE_USER_SCRIPT_SANDBOXING = YES;
				GCC_C_LANGUAGE_STANDARD = gnu11;
				GCC_DYNAMIC_NO_PIC = NO;
				GCC_NO_COMMON_BLOCKS = YES;
				GCC_OPTIMIZATION_LEVEL = 0;
				GCC_PREPROCESSOR_DEFINITIONS = (
					"DEBUG=1",
					"$(inherited)",
				);
				GCC_WARN_64_TO_32_BIT_CONVERSION = YES;
				GCC_WARN_ABOUT_RETURN_TYPE = YES_ERROR;
				GCC_WARN_UNDECLARED_SELECTOR = YES;
				GCC_WARN_UNINITIALIZED_AUTOS = YES_AGGRESSIVE;
				GCC_WARN_UNUSED_FUNCTION = YES;
				GCC_WARN_UNUSED_VARIABLE = YES;
				IPHONEOS_DEPLOYMENT_TARGET = 15.4;
				MTL_ENABLE_DEBUG_INFO = INCLUDE_SOURCE;
				MTL_FAST_MATH = YES;
				ONLY_ACTIVE_ARCH = YES;
				SDKROOT = iphoneos;
				STRING_CATALOG_GENERATE_SYMBOLS = YES;
				SWIFT_ACTIVE_COMPILATION_CONDITIONS = DEBUG;
				SWIFT_OPTIMIZATION_LEVEL = "-Onone";
			};
			name = Debug;
		};
		2234B4D12822BF0400B8CCB0 /* Release */ = {
			isa = XCBuildConfiguration;
			buildSettings = {
				ALWAYS_SEARCH_USER_PATHS = NO;
				ASSETCATALOG_COMPILER_GENERATE_SWIFT_ASSET_SYMBOL_EXTENSIONS = YES;
				CLANG_ANALYZER_NONNULL = YES;
				CLANG_ANALYZER_NUMBER_OBJECT_CONVERSION = YES_AGGRESSIVE;
				CLANG_CXX_LANGUAGE_STANDARD = "gnu++17";
				CLANG_ENABLE_MODULES = YES;
				CLANG_ENABLE_OBJC_ARC = YES;
				CLANG_ENABLE_OBJC_WEAK = YES;
				CLANG_WARN_BLOCK_CAPTURE_AUTORELEASING = YES;
				CLANG_WARN_BOOL_CONVERSION = YES;
				CLANG_WARN_COMMA = YES;
				CLANG_WARN_CONSTANT_CONVERSION = YES;
				CLANG_WARN_DEPRECATED_OBJC_IMPLEMENTATIONS = YES;
				CLANG_WARN_DIRECT_OBJC_ISA_USAGE = YES_ERROR;
				CLANG_WARN_DOCUMENTATION_COMMENTS = YES;
				CLANG_WARN_EMPTY_BODY = YES;
				CLANG_WARN_ENUM_CONVERSION = YES;
				CLANG_WARN_INFINITE_RECURSION = YES;
				CLANG_WARN_INT_CONVERSION = YES;
				CLANG_WARN_NON_LITERAL_NULL_CONVERSION = YES;
				CLANG_WARN_OBJC_IMPLICIT_RETAIN_SELF = YES;
				CLANG_WARN_OBJC_LITERAL_CONVERSION = YES;
				CLANG_WARN_OBJC_ROOT_CLASS = YES_ERROR;
				CLANG_WARN_QUOTED_INCLUDE_IN_FRAMEWORK_HEADER = YES;
				CLANG_WARN_RANGE_LOOP_ANALYSIS = YES;
				CLANG_WARN_STRICT_PROTOTYPES = YES;
				CLANG_WARN_SUSPICIOUS_MOVE = YES;
				CLANG_WARN_UNGUARDED_AVAILABILITY = YES_AGGRESSIVE;
				CLANG_WARN_UNREACHABLE_CODE = YES;
				CLANG_WARN__DUPLICATE_METHOD_MATCH = YES;
				COPY_PHASE_STRIP = NO;
				DEBUG_INFORMATION_FORMAT = "dwarf-with-dsym";
				DEVELOPMENT_TEAM = Q95U4J4JFY;
				ENABLE_NS_ASSERTIONS = NO;
				ENABLE_STRICT_OBJC_MSGSEND = YES;
				ENABLE_USER_SCRIPT_SANDBOXING = YES;
				GCC_C_LANGUAGE_STANDARD = gnu11;
				GCC_NO_COMMON_BLOCKS = YES;
				GCC_WARN_64_TO_32_BIT_CONVERSION = YES;
				GCC_WARN_ABOUT_RETURN_TYPE = YES_ERROR;
				GCC_WARN_UNDECLARED_SELECTOR = YES;
				GCC_WARN_UNINITIALIZED_AUTOS = YES_AGGRESSIVE;
				GCC_WARN_UNUSED_FUNCTION = YES;
				GCC_WARN_UNUSED_VARIABLE = YES;
				IPHONEOS_DEPLOYMENT_TARGET = 15.4;
				MTL_ENABLE_DEBUG_INFO = NO;
				MTL_FAST_MATH = YES;
				SDKROOT = iphoneos;
				STRING_CATALOG_GENERATE_SYMBOLS = YES;
				SWIFT_COMPILATION_MODE = wholemodule;
				SWIFT_OPTIMIZATION_LEVEL = "-O";
				VALIDATE_PRODUCT = YES;
			};
			name = Release;
		};
		2234B4D32822BF0400B8CCB0 /* Debug */ = {
			isa = XCBuildConfiguration;
			buildSettings = {
				ASSETCATALOG_COMPILER_APPICON_NAME = AppIcon;
				ASSETCATALOG_COMPILER_GLOBAL_ACCENT_COLOR_NAME = AccentColor;
				CODE_SIGN_STYLE = Automatic;
				CURRENT_PROJECT_VERSION = 1;
				GENERATE_INFOPLIST_FILE = YES;
				INFOPLIST_FILE = "Gamer's Calendar/Info.plist";
				INFOPLIST_KEY_UIApplicationSupportsIndirectInputEvents = YES;
				INFOPLIST_KEY_UILaunchStoryboardName = LaunchScreen;
				INFOPLIST_KEY_UIMainStoryboardFile = Main;
				INFOPLIST_KEY_UISupportedInterfaceOrientations_iPad = "UIInterfaceOrientationPortrait UIInterfaceOrientationPortraitUpsideDown UIInterfaceOrientationLandscapeLeft UIInterfaceOrientationLandscapeRight";
				INFOPLIST_KEY_UISupportedInterfaceOrientations_iPhone = "UIInterfaceOrientationPortrait UIInterfaceOrientationLandscapeLeft UIInterfaceOrientationLandscapeRight";
				LD_RUNPATH_SEARCH_PATHS = (
					"$(inherited)",
					"@executable_path/Frameworks",
				);
				MARKETING_VERSION = 1.0;
				PRODUCT_BUNDLE_IDENTIFIER = "com.bogdan.Gamer-s-Calendar";
				PRODUCT_NAME = "$(TARGET_NAME)";
				SUPPORTED_PLATFORMS = "iphoneos iphonesimulator";
				SUPPORTS_MACCATALYST = NO;
				SUPPORTS_MAC_DESIGNED_FOR_IPHONE_IPAD = NO;
				SWIFT_EMIT_LOC_STRINGS = YES;
				SWIFT_VERSION = 5.0;
				TARGETED_DEVICE_FAMILY = "1,2";
			};
			name = Debug;
		};
		2234B4D42822BF0400B8CCB0 /* Release */ = {
			isa = XCBuildConfiguration;
			buildSettings = {
				ASSETCATALOG_COMPILER_APPICON_NAME = AppIcon;
				ASSETCATALOG_COMPILER_GLOBAL_ACCENT_COLOR_NAME = AccentColor;
				CODE_SIGN_STYLE = Automatic;
				CURRENT_PROJECT_VERSION = 1;
				GENERATE_INFOPLIST_FILE = YES;
				INFOPLIST_FILE = "Gamer's Calendar/Info.plist";
				INFOPLIST_KEY_UIApplicationSupportsIndirectInputEvents = YES;
				INFOPLIST_KEY_UILaunchStoryboardName = LaunchScreen;
				INFOPLIST_KEY_UIMainStoryboardFile = Main;
				INFOPLIST_KEY_UISupportedInterfaceOrientations_iPad = "UIInterfaceOrientationPortrait UIInterfaceOrientationPortraitUpsideDown UIInterfaceOrientationLandscapeLeft UIInterfaceOrientationLandscapeRight";
				INFOPLIST_KEY_UISupportedInterfaceOrientations_iPhone = "UIInterfaceOrientationPortrait UIInterfaceOrientationLandscapeLeft UIInterfaceOrientationLandscapeRight";
				LD_RUNPATH_SEARCH_PATHS = (
					"$(inherited)",
					"@executable_path/Frameworks",
				);
				MARKETING_VERSION = 1.0;
				PRODUCT_BUNDLE_IDENTIFIER = "com.bogdan.Gamer-s-Calendar";
				PRODUCT_NAME = "$(TARGET_NAME)";
				SUPPORTED_PLATFORMS = "iphoneos iphonesimulator";
				SUPPORTS_MACCATALYST = NO;
				SUPPORTS_MAC_DESIGNED_FOR_IPHONE_IPAD = NO;
				SWIFT_EMIT_LOC_STRINGS = YES;
				SWIFT_VERSION = 5.0;
				TARGETED_DEVICE_FAMILY = "1,2";
			};
			name = Release;
		};
		2234B4D62822BF0400B8CCB0 /* Debug */ = {
			isa = XCBuildConfiguration;
			buildSettings = {
				BUNDLE_LOADER = "$(TEST_HOST)";
				CODE_SIGN_STYLE = Automatic;
				CURRENT_PROJECT_VERSION = 1;
				GENERATE_INFOPLIST_FILE = YES;
				IPHONEOS_DEPLOYMENT_TARGET = 15.4;
				MARKETING_VERSION = 1.0;
				PRODUCT_BUNDLE_IDENTIFIER = "com.bogdan.Gamer-s-CalendarTests";
				PRODUCT_NAME = "$(TARGET_NAME)";
				SWIFT_EMIT_LOC_STRINGS = NO;
				SWIFT_VERSION = 5.0;
				TARGETED_DEVICE_FAMILY = "1,2";
				TEST_HOST = "$(BUILT_PRODUCTS_DIR)/Gamer's Calendar.app/Gamer's Calendar";
			};
			name = Debug;
		};
		2234B4D72822BF0400B8CCB0 /* Release */ = {
			isa = XCBuildConfiguration;
			buildSettings = {
				BUNDLE_LOADER = "$(TEST_HOST)";
				CODE_SIGN_STYLE = Automatic;
				CURRENT_PROJECT_VERSION = 1;
				GENERATE_INFOPLIST_FILE = YES;
				IPHONEOS_DEPLOYMENT_TARGET = 15.4;
				MARKETING_VERSION = 1.0;
				PRODUCT_BUNDLE_IDENTIFIER = "com.bogdan.Gamer-s-CalendarTests";
				PRODUCT_NAME = "$(TARGET_NAME)";
				SWIFT_EMIT_LOC_STRINGS = NO;
				SWIFT_VERSION = 5.0;
				TARGETED_DEVICE_FAMILY = "1,2";
				TEST_HOST = "$(BUILT_PRODUCTS_DIR)/Gamer's Calendar.app/Gamer's Calendar";
			};
			name = Release;
		};
		2234B4D92822BF0400B8CCB0 /* Debug */ = {
			isa = XCBuildConfiguration;
			buildSettings = {
				CODE_SIGN_STYLE = Automatic;
				CURRENT_PROJECT_VERSION = 1;
				GENERATE_INFOPLIST_FILE = YES;
				MARKETING_VERSION = 1.0;
				PRODUCT_BUNDLE_IDENTIFIER = "com.bogdan.Gamer-s-CalendarUITests";
				PRODUCT_NAME = "$(TARGET_NAME)";
				SWIFT_EMIT_LOC_STRINGS = NO;
				SWIFT_VERSION = 5.0;
				TARGETED_DEVICE_FAMILY = "1,2";
				TEST_TARGET_NAME = "Gamer's Calendar";
			};
			name = Debug;
		};
		2234B4DA2822BF0400B8CCB0 /* Release */ = {
			isa = XCBuildConfiguration;
			buildSettings = {
				CODE_SIGN_STYLE = Automatic;
				CURRENT_PROJECT_VERSION = 1;
				GENERATE_INFOPLIST_FILE = YES;
				MARKETING_VERSION = 1.0;
				PRODUCT_BUNDLE_IDENTIFIER = "com.bogdan.Gamer-s-CalendarUITests";
				PRODUCT_NAME = "$(TARGET_NAME)";
				SWIFT_EMIT_LOC_STRINGS = NO;
				SWIFT_VERSION = 5.0;
				TARGETED_DEVICE_FAMILY = "1,2";
				TEST_TARGET_NAME = "Gamer's Calendar";
			};
			name = Release;
		};
/* End XCBuildConfiguration section */

/* Begin XCConfigurationList section */
		2234B4A32822BF0100B8CCB0 /* Build configuration list for PBXProject "Gamer's Calendar" */ = {
			isa = XCConfigurationList;
			buildConfigurations = (
				2234B4D02822BF0400B8CCB0 /* Debug */,
				2234B4D12822BF0400B8CCB0 /* Release */,
			);
			defaultConfigurationIsVisible = 0;
			defaultConfigurationName = Release;
		};
		2234B4D22822BF0400B8CCB0 /* Build configuration list for PBXNativeTarget "Gamer's Calendar" */ = {
			isa = XCConfigurationList;
			buildConfigurations = (
				2234B4D32822BF0400B8CCB0 /* Debug */,
				2234B4D42822BF0400B8CCB0 /* Release */,
			);
			defaultConfigurationIsVisible = 0;
			defaultConfigurationName = Release;
		};
		2234B4D52822BF0400B8CCB0 /* Build configuration list for PBXNativeTarget "Gamer's CalendarTests" */ = {
			isa = XCConfigurationList;
			buildConfigurations = (
				2234B4D62822BF0400B8CCB0 /* Debug */,
				2234B4D72822BF0400B8CCB0 /* Release */,
			);
			defaultConfigurationIsVisible = 0;
			defaultConfigurationName = Release;
		};
		2234B4D82822BF0400B8CCB0 /* Build configuration list for PBXNativeTarget "Gamer's CalendarUITests" */ = {
			isa = XCConfigurationList;
			buildConfigurations = (
				2234B4D92822BF0400B8CCB0 /* Debug */,
				2234B4DA2822BF0400B8CCB0 /* Release */,
			);
			defaultConfigurationIsVisible = 0;
			defaultConfigurationName = Release;
		};
/* End XCConfigurationList section */
	};
	rootObject = 2234B4A02822BF0100B8CCB0 /* Project object */;
}
