// !$*UTF8*$!
{
	archiveVersion = 1;
	classes = {
	};
	objectVersion = 70;
	objects = {

/* Begin PBXBuildFile section */
		2234B4AC2822BF0100B8CCB0 /* AppDelegate.swift in Sources */ = {isa = PBXBuildFile; fileRef = 2234B4AB2822BF0100B8CCB0 /* AppDelegate.swift */; };
		2234B4AE2822BF0100B8CCB0 /* SceneDelegate.swift in Sources */ = {isa = PBXBuildFile; fileRef = 2234B4AD2822BF0100B8CCB0 /* SceneDelegate.swift */; };
		2234B4B52822BF0400B8CCB0 /* Assets.xcassets in Resources */ = {isa = PBXBuildFile; fileRef = 2234B4B42822BF0400B8CCB0 /* Assets.xcassets */; };
		2234B4B82822BF0400B8CCB0 /* LaunchScreen.storyboard in Resources */ = {isa = PBXBuildFile; fileRef = 2234B4B62822BF0400B8CCB0 /* LaunchScreen.storyboard */; };
		2234B4DC2822C38200B8CCB0 /* TableViewController.swift in Sources */ = {isa = PBXBuildFile; fileRef = 2234B4DB2822C38200B8CCB0 /* TableViewController.swift */; };
		2234B4DF2822C46900B8CCB0 /* Games.swift in Sources */ = {isa = PBXBuildFile; fileRef = 2234B4DE2822C46900B8CCB0 /* Games.swift */; };
		2234B4E52822C91A00B8CCB0 /* GameCell.swift in Sources */ = {isa = PBXBuildFile; fileRef = 2234B4E32822C91A00B8CCB0 /* GameCell.swift */; };
		2234B4E62822C91A00B8CCB0 /* GameCell.xib in Resources */ = {isa = PBXBuildFile; fileRef = 2234B4E42822C91A00B8CCB0 /* GameCell.xib */; };
		433777A630015ABC0061A183 /* GameCatalogService.swift in Sources */ = {isa = PBXBuildFile; fileRef = 433777A530015ABC0061A183 /* GameCatalogService.swift */; };
		433777A830015ABF0061A183 /* MonthGrouping.swift in Sources */ = {isa = PBXBuildFile; fileRef = 433777A730015ABF0061A183 /* MonthGrouping.swift */; };
		433777AA30015D610061A183 /* DeepLink.swift in Sources */ = {isa = PBXBuildFile; fileRef = 433777A930015D610061A183 /* DeepLink.swift */; };
		433777AC30016D990061A183 /* PrivacyInfo.xcprivacy in Resources */ = {isa = PBXBuildFile; fileRef = 433777AB30016D990061A183 /* PrivacyInfo.xcprivacy */; };
		433777B0300171FA0061A183 /* AppSettings.swift in Sources */ = {isa = PBXBuildFile; fileRef = 433777AF300171FA0061A183 /* AppSettings.swift */; };
		433777B2300172200061A183 /* CachedGameCatalogService.swift in Sources */ = {isa = PBXBuildFile; fileRef = 433777B1300172200061A183 /* CachedGameCatalogService.swift */; };
		433777B6300174F90061A183 /* SettingsViewController.swift in Sources */ = {isa = PBXBuildFile; fileRef = 433777B5300174F90061A183 /* SettingsViewController.swift */; };
		433777B83001AB5F0061A183 /* ImageCache.swift in Sources */ = {isa = PBXBuildFile; fileRef = 433777B73001AB5F0061A183 /* ImageCache.swift */; };
		433777BA3001ABC20061A183 /* IGDBService.swift in Sources */ = {isa = PBXBuildFile; fileRef = 433777B93001ABC20061A183 /* IGDBService.swift */; };
		4393834C2FFAE21E003ACC20 /* GameDetailViewController.swift in Sources */ = {isa = PBXBuildFile; fileRef = 4393834B2FFAE21E003ACC20 /* GameDetailViewController.swift */; };
		4393834E2FFAE2E2003ACC20 /* ScreenshotViewerController.swift in Sources */ = {isa = PBXBuildFile; fileRef = 4393834D2FFAE2E2003ACC20 /* ScreenshotViewerController.swift */; };
		43949C452FFBAE26009E11E5 /* Localizable.xcstrings in Resources */ = {isa = PBXBuildFile; fileRef = 43949C442FFBAE26009E11E5 /* Localizable.xcstrings */; };
		43949C472FFBAE29009E11E5 /* InfoPlist.xcstrings in Resources */ = {isa = PBXBuildFile; fileRef = 43949C462FFBAE29009E11E5 /* InfoPlist.xcstrings */; };
		43949C492FFBB165009E11E5 /* Secrets.swift in Sources */ = {isa = PBXBuildFile; fileRef = 43949C482FFBB165009E11E5 /* Secrets.swift */; };
		43949C4B2FFBB18F009E11E5 /* ReminderService.swift in Sources */ = {isa = PBXBuildFile; fileRef = 43949C4A2FFBB18F009E11E5 /* ReminderService.swift */; };
		43949C4D2FFC34BE009E11E5 /* WatchlistViewController.swift in Sources */ = {isa = PBXBuildFile; fileRef = 43949C4C2FFC34BE009E11E5 /* WatchlistViewController.swift */; };
		43949C552FFC3AD8009E11E5 /* WidgetKit.framework in Frameworks */ = {isa = PBXBuildFile; fileRef = 43949C542FFC3AD8009E11E5 /* WidgetKit.framework */; };
		43949C572FFC3AD8009E11E5 /* SwiftUI.framework in Frameworks */ = {isa = PBXBuildFile; fileRef = 43949C562FFC3AD8009E11E5 /* SwiftUI.framework */; };
		43949C642FFC3AD8009E11E5 /* GamerCalendarWidgetExtension.appex in Embed Foundation Extensions */ = {isa = PBXBuildFile; fileRef = 43949C522FFC3AD8009E11E5 /* GamerCalendarWidgetExtension.appex */; settings = {ATTRIBUTES = (RemoveHeadersOnCopy, ); }; };
		43949C6D2FFC3BB8009E11E5 /* GamerCalendarTests.swift in Sources */ = {isa = PBXBuildFile; fileRef = 43949C6C2FFC3BB8009E11E5 /* GamerCalendarTests.swift */; };
		43949C702FFC4F86009E11E5 /* MonthGridViewController.swift in Sources */ = {isa = PBXBuildFile; fileRef = 43949C6F2FFC4F86009E11E5 /* MonthGridViewController.swift */; };
		43949C722FFC4F8C009E11E5 /* FranchiseViewController.swift in Sources */ = {isa = PBXBuildFile; fileRef = 43949C712FFC4F8C009E11E5 /* FranchiseViewController.swift */; };
		43949C742FFC4F99009E11E5 /* ReleaseCountdown.swift in Sources */ = {isa = PBXBuildFile; fileRef = 43949C732FFC4F99009E11E5 /* ReleaseCountdown.swift */; };
/* End PBXBuildFile section */

/* Begin PBXContainerItemProxy section */
		2234B4BF2822BF0400B8CCB0 /* PBXContainerItemProxy */ = {
			isa = PBXContainerItemProxy;
			containerPortal = 2234B4A02822BF0100B8CCB0 /* Project object */;
			proxyType = 1;
			remoteGlobalIDString = 2234B4A72822BF0100B8CCB0;
			remoteInfo = "Gamer's Calendar";
		};
		2234B4C92822BF0400B8CCB0 /* PBXContainerItemProxy */ = {
			isa = PBXContainerItemProxy;
			containerPortal = 2234B4A02822BF0100B8CCB0 /* Project object */;
			proxyType = 1;
			remoteGlobalIDString = 2234B4A72822BF0100B8CCB0;
			remoteInfo = "Gamer's Calendar";
		};
		43949C622FFC3AD8009E11E5 /* PBXContainerItemProxy */ = {
			isa = PBXContainerItemProxy;
			containerPortal = 2234B4A02822BF0100B8CCB0 /* Project object */;
			proxyType = 1;
			remoteGlobalIDString = 43949C512FFC3AD8009E11E5;
			remoteInfo = GamerCalendarWidgetExtension;
		};
/* End PBXContainerItemProxy section */

/* Begin PBXCopyFilesBuildPhase section */
		43949C692FFC3AD8009E11E5 /* Embed Foundation Extensions */ = {
			isa = PBXCopyFilesBuildPhase;
			buildActionMask = 2147483647;
			dstPath = "";
			dstSubfolderSpec = 13;
			files = (
				43949C642FFC3AD8009E11E5 /* GamerCalendarWidgetExtension.appex in Embed Foundation Extensions */,
			);
			name = "Embed Foundation Extensions";
			runOnlyForDeploymentPostprocessing = 0;
		};
/* End PBXCopyFilesBuildPhase section */

/* Begin PBXFileReference section */
		2234B4A82822BF0100B8CCB0 /* Gamer's Calendar.app */ = {isa = PBXFileReference; explicitFileType = wrapper.application; includeInIndex = 0; path = "Gamer's Calendar.app"; sourceTree = BUILT_PRODUCTS_DIR; };
		2234B4AB2822BF0100B8CCB0 /* AppDelegate.swift */ = {isa = PBXFileReference; lastKnownFileType = sourcecode.swift; path = AppDelegate.swift; sourceTree = "<group>"; };
		2234B4AD2822BF0100B8CCB0 /* SceneDelegate.swift */ = {isa = PBXFileReference; lastKnownFileType = sourcecode.swift; path = SceneDelegate.swift; sourceTree = "<group>"; };
		2234B4B42822BF0400B8CCB0 /* Assets.xcassets */ = {isa = PBXFileReference; lastKnownFileType = folder.assetcatalog; path = Assets.xcassets; sourceTree = "<group>"; };
		2234B4B72822BF0400B8CCB0 /* Base */ = {isa = PBXFileReference; lastKnownFileType = file.storyboard; name = Base; path = Base.lproj/LaunchScreen.storyboard; sourceTree = "<group>"; };
		2234B4B92822BF0400B8CCB0 /* Info.plist */ = {isa = PBXFileReference; lastKnownFileType = text.plist.xml; path = Info.plist; sourceTree = "<group>"; };
		2234B4BE2822BF0400B8CCB0 /* Gamer's CalendarTests.xctest */ = {isa = PBXFileReference; explicitFileType = wrapper.cfbundle; includeInIndex = 0; path = "Gamer's CalendarTests.xctest"; sourceTree = BUILT_PRODUCTS_DIR; };
		2234B4C82822BF0400B8CCB0 /* Gamer's CalendarUITests.xctest */ = {isa = PBXFileReference; explicitFileType = wrapper.cfbundle; includeInIndex = 0; path = "Gamer's CalendarUITests.xctest"; sourceTree = BUILT_PRODUCTS_DIR; };
		2234B4DB2822C38200B8CCB0 /* TableViewController.swift */ = {isa = PBXFileReference; lastKnownFileType = sourcecode.swift; path = TableViewController.swift; sourceTree = "<group>"; };
		2234B4DE2822C46900B8CCB0 /* Games.swift */ = {isa = PBXFileReference; lastKnownFileType = sourcecode.swift; path = Games.swift; sourceTree = "<group>"; };
		2234B4E32822C91A00B8CCB0 /* GameCell.swift */ = {isa = PBXFileReference; lastKnownFileType = sourcecode.swift; path = GameCell.swift; sourceTree = "<group>"; };
		2234B4E42822C91A00B8CCB0 /* GameCell.xib */ = {isa = PBXFileReference; lastKnownFileType = file.xib; path = GameCell.xib; sourceTree = "<group>"; };
		433777A530015ABC0061A183 /* GameCatalogService.swift */ = {isa = PBXFileReference; lastKnownFileType = sourcecode.swift; path = GameCatalogService.swift; sourceTree = "<group>"; };
		433777A730015ABF0061A183 /* MonthGrouping.swift */ = {isa = PBXFileReference; lastKnownFileType = sourcecode.swift; path = MonthGrouping.swift; sourceTree = "<group>"; };
		433777A930015D610061A183 /* DeepLink.swift */ = {isa = PBXFileReference; lastKnownFileType = sourcecode.swift; path = DeepLink.swift; sourceTree = "<group>"; };
		433777AB30016D990061A183 /* PrivacyInfo.xcprivacy */ = {isa = PBXFileReference; lastKnownFileType = text.xml; path = PrivacyInfo.xcprivacy; sourceTree = "<group>"; };
		433777AF300171FA0061A183 /* AppSettings.swift */ = {isa = PBXFileReference; lastKnownFileType = sourcecode.swift; path = AppSettings.swift; sourceTree = "<group>"; };
		433777B1300172200061A183 /* CachedGameCatalogService.swift */ = {isa = PBXFileReference; lastKnownFileType = sourcecode.swift; path = CachedGameCatalogService.swift; sourceTree = "<group>"; };
		433777B5300174F90061A183 /* SettingsViewController.swift */ = {isa = PBXFileReference; lastKnownFileType = sourcecode.swift; path = SettingsViewController.swift; sourceTree = "<group>"; };
		433777B73001AB5F0061A183 /* ImageCache.swift */ = {isa = PBXFileReference; lastKnownFileType = sourcecode.swift; path = ImageCache.swift; sourceTree = "<group>"; };
		433777B93001ABC20061A183 /* IGDBService.swift */ = {isa = PBXFileReference; lastKnownFileType = sourcecode.swift; path = IGDBService.swift; sourceTree = "<group>"; };
		4393834B2FFAE21E003ACC20 /* GameDetailViewController.swift */ = {isa = PBXFileReference; lastKnownFileType = sourcecode.swift; path = GameDetailViewController.swift; sourceTree = "<group>"; };
		4393834D2FFAE2E2003ACC20 /* ScreenshotViewerController.swift */ = {isa = PBXFileReference; lastKnownFileType = sourcecode.swift; path = ScreenshotViewerController.swift; sourceTree = "<group>"; };
		43949C442FFBAE26009E11E5 /* Localizable.xcstrings */ = {isa = PBXFileReference; lastKnownFileType = text.json.xcstrings; path = Localizable.xcstrings; sourceTree = "<group>"; };
		43949C462FFBAE29009E11E5 /* InfoPlist.xcstrings */ = {isa = PBXFileReference; lastKnownFileType = text.json.xcstrings; path = InfoPlist.xcstrings; sourceTree = "<group>"; };
		43949C482FFBB165009E11E5 /* Secrets.swift */ = {isa = PBXFileReference; lastKnownFileType = sourcecode.swift; path = Secrets.swift; sourceTree = "<group>"; };
		43949C4A2FFBB18F009E11E5 /* ReminderService.swift */ = {isa = PBXFileReference; lastKnownFileType = sourcecode.swift; path = ReminderService.swift; sourceTree = "<group>"; };
		43949C4C2FFC34BE009E11E5 /* WatchlistViewController.swift */ = {isa = PBXFileReference; lastKnownFileType = sourcecode.swift; path = WatchlistViewController.swift; sourceTree = "<group>"; };
		43949C522FFC3AD8009E11E5 /* GamerCalendarWidgetExtension.appex */ = {isa = PBXFileReference; explicitFileType = "wrapper.app-extension"; includeInIndex = 0; path = GamerCalendarWidgetExtension.appex; sourceTree = BUILT_PRODUCTS_DIR; };
		43949C542FFC3AD8009E11E5 /* WidgetKit.framework */ = {isa = PBXFileReference; lastKnownFileType = wrapper.framework; name = WidgetKit.framework; path = System/Library/Frameworks/WidgetKit.framework; sourceTree = SDKROOT; };
		43949C562FFC3AD8009E11E5 /* SwiftUI.framework */ = {isa = PBXFileReference; lastKnownFileType = wrapper.framework; name = SwiftUI.framework; path = System/Library/Frameworks/SwiftUI.framework; sourceTree = SDKROOT; };
		43949C6A2FFC3B09009E11E5 /* Gamer's Calendar.entitlements */ = {isa = PBXFileReference; lastKnownFileType = text.plist.entitlements; path = "Gamer's Calendar.entitlements"; sourceTree = "<group>"; };
		43949C6B2FFC3B4C009E11E5 /* GamerCalendarWidgetExtension.entitlements */ = {isa = PBXFileReference; lastKnownFileType = text.plist.entitlements; path = GamerCalendarWidgetExtension.entitlements; sourceTree = "<group>"; };
		43949C6C2FFC3BB8009E11E5 /* GamerCalendarTests.swift */ = {isa = PBXFileReference; lastKnownFileType = sourcecode.swift; path = GamerCalendarTests.swift; sourceTree = "<group>"; };
		43949C6F2FFC4F86009E11E5 /* MonthGridViewController.swift */ = {isa = PBXFileReference; lastKnownFileType = sourcecode.swift; path = MonthGridViewController.swift; sourceTree = "<group>"; };
		43949C712FFC4F8C009E11E5 /* FranchiseViewController.swift */ = {isa = PBXFileReference; lastKnownFileType = sourcecode.swift; path = FranchiseViewController.swift; sourceTree = "<group>"; };
		43949C732FFC4F99009E11E5 /* ReleaseCountdown.swift */ = {isa = PBXFileReference; lastKnownFileType = sourcecode.swift; path = ReleaseCountdown.swift; sourceTree = "<group>"; };
/* End PBXFileReference section */

/* Begin PBXFileSystemSynchronizedBuildFileExceptionSet section */
		43949C652FFC3AD8009E11E5 /* PBXFileSystemSynchronizedBuildFileExceptionSet */ = {
			isa = PBXFileSystemSynchronizedBuildFileExceptionSet;
			membershipExceptions = (
				Info.plist,
			);
			target = 43949C512FFC3AD8009E11E5 /* GamerCalendarWidgetExtension */;
		};
/* End PBXFileSystemSynchronizedBuildFileExceptionSet section */

/* Begin PBXFileSystemSynchronizedRootGroup section */
		43949C582FFC3AD8009E11E5 /* GamerCalendarWidget */ = {isa = PBXFileSystemSynchronizedRootGroup; exceptions = (43949C652FFC3AD8009E11E5 /* PBXFileSystemSynchronizedBuildFileExceptionSet */, ); explicitFileTypes = {}; explicitFolders = (); path = GamerCalendarWidget; sourceTree = "<group>"; };
/* End PBXFileSystemSynchronizedRootGroup section */

/* Begin PBXFrameworksBuildPhase section */
		2234B4A52822BF0100B8CCB0 /* Frameworks */ = {
			isa = PBXFrameworksBuildPhase;
			buildActionMask = 2147483647;
			files = (
			);
			runOnlyForDeploymentPostprocessing = 0;
		};
		2234B4BB2822BF0400B8CCB0 /* Frameworks */ = {
			isa = PBXFrameworksBuildPhase;
			buildActionMask = 2147483647;
			files = (
			);
			runOnlyForDeploymentPostprocessing = 0;
		};
		2234B4C52822BF0400B8CCB0 /* Frameworks */ = {
			isa = PBXFrameworksBuildPhase;
			buildActionMask = 2147483647;
			files = (
			);
			runOnlyForDeploymentPostprocessing = 0;
		};
		43949C4F2FFC3AD8009E11E5 /* Frameworks */ = {
			isa = PBXFrameworksBuildPhase;
			buildActionMask = 2147483647;
			files = (
				43949C572FFC3AD8009E11E5 /* SwiftUI.framework in Frameworks */,
				43949C552FFC3AD8009E11E5 /* WidgetKit.framework in Frameworks */,
			);
			runOnlyForDeploymentPostprocessing = 0;
		};
/* End PBXFrameworksBuildPhase section */

/* Begin PBXGroup section */
		2234B49F2822BF0100B8CCB0 = {
			isa = PBXGroup;
			children = (
				43949C6C2FFC3BB8009E11E5 /* GamerCalendarTests.swift */,
				43949C6B2FFC3B4C009E11E5 /* GamerCalendarWidgetExtension.entitlements */,
				2234B4AA2822BF0100B8CCB0 /* Gamer's Calendar */,
				43949C582FFC3AD8009E11E5 /* GamerCalendarWidget */,
				43949C532FFC3AD8009E11E5 /* Frameworks */,
				2234B4A92822BF0100B8CCB0 /* Products */,
			);
			sourceTree = "<group>";
		};
		2234B4A92822BF0100B8CCB0 /* Products */ = {
			isa = PBXGroup;
			children = (
				2234B4A82822BF0100B8CCB0 /* Gamer's Calendar.app */,
				2234B4BE2822BF0400B8CCB0 /* Gamer's CalendarTests.xctest */,
				2234B4C82822BF0400B8CCB0 /* Gamer's CalendarUITests.xctest */,
				43949C522FFC3AD8009E11E5 /* GamerCalendarWidgetExtension.appex */,
			);
			name = Products;
			sourceTree = "<group>";
		};
		2234B4AA2822BF0100B8CCB0 /* Gamer's Calendar */ = {
			isa = PBXGroup;
			children = (
				43949C6A2FFC3B09009E11E5 /* Gamer's Calendar.entitlements */,
				2234B4E02822C8B800B8CCB0 /* View */,
				2234B4AB2822BF0100B8CCB0 /* AppDelegate.swift */,
				2234B4AD2822BF0100B8CCB0 /* SceneDelegate.swift */,
				2234B4DB2822C38200B8CCB0 /* TableViewController.swift */,
				2234B4DD2822C45500B8CCB0 /* Model */,
				2234B4B42822BF0400B8CCB0 /* Assets.xcassets */,
				2234B4B62822BF0400B8CCB0 /* LaunchScreen.storyboard */,
				2234B4B92822BF0400B8CCB0 /* Info.plist */,
				4393834B2FFAE21E003ACC20 /* GameDetailViewController.swift */,
				4393834D2FFAE2E2003ACC20 /* ScreenshotViewerController.swift */,
				43949C442FFBAE26009E11E5 /* Localizable.xcstrings */,
				43949C462FFBAE29009E11E5 /* InfoPlist.xcstrings */,
				43949C482FFBB165009E11E5 /* Secrets.swift */,
				43949C4C2FFC34BE009E11E5 /* WatchlistViewController.swift */,
				43949C6F2FFC4F86009E11E5 /* MonthGridViewController.swift */,
				43949C712FFC4F8C009E11E5 /* FranchiseViewController.swift */,
				433777A930015D610061A183 /* DeepLink.swift */,
				433777AB30016D990061A183 /* PrivacyInfo.xcprivacy */,
				433777B5300174F90061A183 /* SettingsViewController.swift */,
			);
			path = "Gamer's Calendar";
			sourceTree = "<group>";
		};
		2234B4DD2822C45500B8CCB0 /* Model */ = {
			isa = PBXGroup;
			children = (
				2234B4DE2822C46900B8CCB0 /* Games.swift */,
				43949C4A2FFBB18F009E11E5 /* ReminderService.swift */,
				43949C732FFC4F99009E11E5 /* ReleaseCountdown.swift */,
				433777A530015ABC0061A183 /* GameCatalogService.swift */,
				433777A730015ABF0061A183 /* MonthGrouping.swift */,
				433777AF300171FA0061A183 /* AppSettings.swift */,
				433777B1300172200061A183 /* CachedGameCatalogService.swift */,
				433777B73001AB5F0061A183 /* ImageCache.swift */,
				433777B93001ABC20061A183 /* IGDBService.swift */,
			);
			path = Model;
			sourceTree = "<group>";
		};
		2234B4E02822C8B800B8CCB0 /* View */ = {
			isa = PBXGroup;
			children = (
				2234B4E32822C91A00B8CCB0 /* GameCell.swift */,
				2234B4E42822C91A00B8CCB0 /* GameCell.xib */,
			);
			path = View;
			sourceTree = "<group>";
		};
		43949C532FFC3AD8009E11E5 /* Frameworks */ = {
			isa = PBXGroup;
			children = (
				43949C542FFC3AD8009E11E5 /* WidgetKit.framework */,
				43949C562FFC3AD8009E11E5 /* SwiftUI.framework */,
			);
			name = Frameworks;
			sourceTree = "<group>";
		};
/* End PBXGroup section */

/* Begin PBXNativeTarget section */
		2234B4A72822BF0100B8CCB0 /* Gamer's Calendar */ = {
			isa = PBXNativeTarget;
			buildConfigurationList = 2234B4D22822BF0400B8CCB0 /* Build configuration list for PBXNativeTarget "Gamer's Calendar" */;
			buildPhases = (
				2234B4A42822BF0100B8CCB0 /* Sources */,
				2234B4A52822BF0100B8CCB0 /* Frameworks */,
				2234B4A62822BF0100B8CCB0 /* Resources */,
				43949C692FFC3AD8009E11E5 /* Embed Foundation Extensions */,
			);
			buildRules = (
			);
			dependencies = (
				43949C632FFC3AD8009E11E5 /* PBXTargetDependency */,
			);
			name = "Gamer's Calendar";
			productName = "Gamer's Calendar";
			productReference = 2234B4A82822BF0100B8CCB0 /* Gamer's Calendar.app */;
			productType = "com.apple.product-type.application";
		};
		2234B4BD2822BF0400B8CCB0 /* Gamer's CalendarTests */ = {
			isa = PBXNativeTarget;
			buildConfigurationList = 2234B4D52822BF0400B8CCB0 /* Build configuration list for PBXNativeTarget "Gamer's CalendarTests" */;
			buildPhases = (
				2234B4BA2822BF0400B8CCB0 /* Sources */,
				2234B4BB2822BF0400B8CCB0 /* Frameworks */,
				2234B4BC2822BF0400B8CCB0 /* Resources */,
			);
			buildRules = (
			);
			dependencies = (
				2234B4C02822BF0400B8CCB0 /* PBXTargetDependency */,
			);
			name = "Gamer's CalendarTests";
			productName = "Gamer's CalendarTests";
			productReference = 2234B4BE2822BF0400B8CCB0 /* Gamer's CalendarTests.xctest */;
			productType = "com.apple.product-type.bundle.unit-test";
		};
		2234B4C72822BF0400B8CCB0 /* Gamer's CalendarUITests */ = {
			isa = PBXNativeTarget;
			buildConfigurationList = 2234B4D82822BF0400B8CCB0 /* Build configuration list for PBXNativeTarget "Gamer's CalendarUITests" */;
			buildPhases = (
				2234B4C42822BF0400B8CCB0 /* Sources */,
				2234B4C52822BF0400B8CCB0 /* Frameworks */,
				2234B4C62822BF0400B8CCB0 /* Resources */,
			);
			buildRules = (
			);
			dependencies = (
				2234B4CA2822BF0400B8CCB0 /* PBXTargetDependency */,
			);
			name = "Gamer's CalendarUITests";
			productName = "Gamer's CalendarUITests";
			productReference = 2234B4C82822BF0400B8CCB0 /* Gamer's CalendarUITests.xctest */;
			productType = "com.apple.product-type.bundle.ui-testing";
		};
		43949C512FFC3AD8009E11E5 /* GamerCalendarWidgetExtension */ = {
			isa = PBXNativeTarget;
			buildConfigurationList = 43949C662FFC3AD8009E11E5 /* Build configuration list for PBXNativeTarget "GamerCalendarWidgetExtension" */;
			buildPhases = (
				43949C4E2FFC3AD8009E11E5 /* Sources */,
				43949C4F2FFC3AD8009E11E5 /* Frameworks */,
				43949C502FFC3AD8009E11E5 /* Resources */,
			);
			buildRules = (
			);
			dependencies = (
			);
			fileSystemSynchronizedGroups = (
				43949C582FFC3AD8009E11E5 /* GamerCalendarWidget */,
			);
			name = GamerCalendarWidgetExtension;
			packageProductDependencies = (
			);
			productName = GamerCalendarWidgetExtension;
			productReference = 43949C522FFC3AD8009E11E5 /* GamerCalendarWidgetExtension.appex */;
			productType = "com.apple.product-type.app-extension";
		};
/* End PBXNativeTarget section */

/* Begin PBXProject section */
		2234B4A02822BF0100B8CCB0 /* Project object */ = {
			isa = PBXProject;
			attributes = {
				BuildIndependentTargetsInParallel = 1;
				LastSwiftUpdateCheck = 2660;
				LastUpgradeCheck = 2660;
				TargetAttributes = {
					2234B4A72822BF0100B8CCB0 = {
						CreatedOnToolsVersion = 13.3.1;
					};
					2234B4BD2822BF0400B8CCB0 = {
						CreatedOnToolsVersion = 13.3.1;
						LastSwiftMigration = 2660;
						TestTargetID = 2234B4A72822BF0100B8CCB0;
					};
					2234B4C72822BF0400B8CCB0 = {
						CreatedOnToolsVersion = 13.3.1;
						TestTargetID = 2234B4A72822BF0100B8CCB0;
					};
					43949C512FFC3AD8009E11E5 = {
						CreatedOnToolsVersion = 26.6;
					};
				};
			};
			buildConfigurationList = 2234B4A32822BF0100B8CCB0 /* Build configuration list for PBXProject "Gamer's Calendar" */;
			compatibilityVersion = "Xcode 13.0";
			developmentRegion = en;
			hasScannedForEncodings = 0;
			knownRegions = (
				en,
				Base,
				ru,
			);
			mainGroup = 2234B49F2822BF0100B8CCB0;
			productRefGroup = 2234B4A92822BF0100B8CCB0 /* Products */;
			projectDirPath = "";
			projectRoot = "";
			targets = (
				2234B4A72822BF0100B8CCB0 /* Gamer's Calendar */,
				2234B4BD2822BF0400B8CCB0 /* Gamer's CalendarTests */,
				2234B4C72822BF0400B8CCB0 /* Gamer's CalendarUITests */,
				43949C512FFC3AD8009E11E5 /* GamerCalendarWidgetExtension */,
			);
		};
/* End PBXProject section */

/* Begin PBXResourcesBuildPhase section */
		2234B4A62822BF0100B8CCB0 /* Resources */ = {
			isa = PBXResourcesBuildPhase;
			buildActionMask = 2147483647;
			files = (
				433777AC30016D990061A183 /* PrivacyInfo.xcprivacy in Resources */,
				43949C472FFBAE29009E11E5 /* InfoPlist.xcstrings in Resources */,
				2234B4B82822BF0400B8CCB0 /* LaunchScreen.storyboard in Resources */,
				43949C452FFBAE26009E11E5 /* Localizable.xcstrings in Resources */,
				2234B4B52822BF0400B8CCB0 /* Assets.xcassets in Resources */,
				2234B4E62822C91A00B8CCB0 /* GameCell.xib in Resources */,
			);
			runOnlyForDeploymentPostprocessing = 0;
		};
		2234B4BC2822BF0400B8CCB0 /* Resources */ = {
			isa = PBXResourcesBuildPhase;
			buildActionMask = 2147483647;
			files = (
			);
			runOnlyForDeploymentPostprocessing = 0;
		};
		2234B4C62822BF0400B8CCB0 /* Resources */ = {
			isa = PBXResourcesBuildPhase;
			buildActionMask = 2147483647;
			files = (
			);
			runOnlyForDeploymentPostprocessing = 0;
		};
		43949C502FFC3AD8009E11E5 /* Resources */ = {
			isa = PBXResourcesBuildPhase;
			buildActionMask = 2147483647;
			files = (
			);
			runOnlyForDeploymentPostprocessing = 0;
		};
/* End PBXResourcesBuildPhase section */

/* Begin PBXSourcesBuildPhase section */
		2234B4A42822BF0100B8CCB0 /* Sources */ = {
			isa = PBXSourcesBuildPhase;
			buildActionMask = 2147483647;
			files = (
				2234B4E52822C91A00B8CCB0 /* GameCell.swift in Sources */,
				43949C492FFBB165009E11E5 /* Secrets.swift in Sources */,
				4393834C2FFAE21E003ACC20 /* GameDetailViewController.swift in Sources */,
				2234B4AC2822BF0100B8CCB0 /* AppDelegate.swift in Sources */,
				2234B4DC2822C38200B8CCB0 /* TableViewController.swift in Sources */,
				433777B6300174F90061A183 /* SettingsViewController.swift in Sources */,
				433777AA30015D610061A183 /* DeepLink.swift in Sources */,
				4393834E2FFAE2E2003ACC20 /* ScreenshotViewerController.swift in Sources */,
				43949C4D2FFC34BE009E11E5 /* WatchlistViewController.swift in Sources */,
				433777A630015ABC0061A183 /* GameCatalogService.swift in Sources */,
				433777B83001AB5F0061A183 /* ImageCache.swift in Sources */,
				433777B2300172200061A183 /* CachedGameCatalogService.swift in Sources */,
				433777A830015ABF0061A183 /* MonthGrouping.swift in Sources */,
				43949C742FFC4F99009E11E5 /* ReleaseCountdown.swift in Sources */,
				2234B4AE2822BF0100B8CCB0 /* SceneDelegate.swift in Sources */,
				433777BA3001ABC20061A183 /* IGDBService.swift in Sources */,
				43949C702FFC4F86009E11E5 /* MonthGridViewController.swift in Sources */,
				2234B4DF2822C46900B8CCB0 /* Games.swift in Sources */,
				43949C722FFC4F8C009E11E5 /* FranchiseViewController.swift in Sources */,
				43949C4B2FFBB18F009E11E5 /* ReminderService.swift in Sources */,
				433777B0300171FA0061A183 /* AppSettings.swift in Sources */,
			);
			runOnlyForDeploymentPostprocessing = 0;
		};
		2234B4BA2822BF0400B8CCB0 /* Sources */ = {
			isa = PBXSourcesBuildPhase;
			buildActionMask = 2147483647;
			files = (
				43949C6D2FFC3BB8009E11E5 /* GamerCalendarTests.swift in Sources */,
			);
			runOnlyForDeploymentPostprocessing = 0;
		};
		2234B4C42822BF0400B8CCB0 /* Sources */ = {
			isa = PBXSourcesBuildPhase;
			buildActionMask = 2147483647;
			files = (
			);
			runOnlyForDeploymentPostprocessing = 0;
		};
		43949C4E2FFC3AD8009E11E5 /* Sources */ = {
			isa = PBXSourcesBuildPhase;
			buildActionMask = 2147483647;
			files = (
			);
			runOnlyForDeploymentPostprocessing = 0;
		};
/* End PBXSourcesBuildPhase section */

/* Begin PBXTargetDependency section */
		2234B4C02822BF0400B8CCB0 /* PBXTargetDependency */ = {
			isa = PBXTargetDependency;
			target = 2234B4A72822BF0100B8CCB0 /* Gamer's Calendar */;
			targetProxy = 2234B4BF2822BF0400B8CCB0 /* PBXContainerItemProxy */;
		};
		2234B4CA2822BF0400B8CCB0 /* PBXTargetDependency */ = {
			isa = PBXTargetDependency;
			target = 2234B4A72822BF0100B8CCB0 /* Gamer's Calendar */;
			targetProxy = 2234B4C92822BF0400B8CCB0 /* PBXContainerItemProxy */;
		};
		43949C632FFC3AD8009E11E5 /* PBXTargetDependency */ = {
			isa = PBXTargetDependency;
			target = 43949C512FFC3AD8009E11E5 /* GamerCalendarWidgetExtension */;
			targetProxy = 43949C622FFC3AD8009E11E5 /* PBXContainerItemProxy */;
		};
/* End PBXTargetDependency section */

/* Begin PBXVariantGroup section */
		2234B4B62822BF0400B8CCB0 /* LaunchScreen.storyboard */ = {
			isa = PBXVariantGroup;
			children = (
				2234B4B72822BF0400B8CCB0 /* Base */,
			);
			name = LaunchScreen.storyboard;
			sourceTree = "<group>";
		};
/* End PBXVariantGroup section */

/* Begin XCBuildConfiguration section */
		2234B4D02822BF0400B8CCB0 /* Debug */ = {
			isa = XCBuildConfiguration;
			buildSettings = {
				ALWAYS_SEARCH_USER_PATHS = NO;
				ASSETCATALOG_COMPILER_GENERATE_SWIFT_ASSET_SYMBOL_EXTENSIONS = YES;
				CLANG_ANALYZER_NONNULL = YES;
				CLANG_ANALYZER_NUMBER_OBJECT_CONVERSION = YES_AGGRESSIVE;
				CLANG_CXX_LANGUAGE_STANDARD = "gnu++17";
				CLANG_ENABLE_MODULES = YES;
				CLANG_ENABLE_OBJC_ARC = YES;
				CLANG_ENABLE_OBJC_WEAK = YES;
				CLANG_WARN_BLOCK_CAPTURE_AUTORELEASING = YES;
				CLANG_WARN_BOOL_CONVERSION = YES;
				CLANG_WARN_COMMA = YES;
				CLANG_WARN_CONSTANT_CONVERSION = YES;
				CLANG_WARN_DEPRECATED_OBJC_IMPLEMENTATIONS = YES;
				CLANG_WARN_DIRECT_OBJC_ISA_USAGE = YES_ERROR;
				CLANG_WARN_DOCUMENTATION_COMMENTS = YES;
				CLANG_WARN_EMPTY_BODY = YES;
				CLANG_WARN_ENUM_CONVERSION = YES;
				CLANG_WARN_INFINITE_RECURSION = YES;
				CLANG_WARN_INT_CONVERSION = YES;
				CLANG_WARN_NON_LITERAL_NULL_CONVERSION = YES;
				CLANG_WARN_OBJC_IMPLICIT_RETAIN_SELF = YES;
				CLANG_WARN_OBJC_LITERAL_CONVERSION = YES;
				CLANG_WARN_OBJC_ROOT_CLASS = YES_ERROR;
				CLANG_WARN_QUOTED_INCLUDE_IN_FRAMEWORK_HEADER = YES;
				CLANG_WARN_RANGE_LOOP_ANALYSIS = YES;
				CLANG_WARN_STRICT_PROTOTYPES = YES;
				CLANG_WARN_SUSPICIOUS_MOVE = YES;
				CLANG_WARN_UNGUARDED_AVAILABILITY = YES_AGGRESSIVE;
				CLANG_WARN_UNREACHABLE_CODE = YES;
				CLANG_WARN__DUPLICATE_METHOD_MATCH = YES;
				COPY_PHASE_STRIP = NO;
				DEBUG_INFORMATION_FORMAT = dwarf;
				DEVELOPMENT_TEAM = Q95U4J4JFY;
				ENABLE_STRICT_OBJC_MSGSEND = YES;
				ENABLE_TESTABILITY = YES;
				ENABLE_USER_SCRIPT_SANDBOXING = YES;
				GCC_C_LANGUAGE_STANDARD = gnu11;
				GCC_DYNAMIC_NO_PIC = NO;
				GCC_NO_COMMON_BLOCKS = YES;
				GCC_OPTIMIZATION_LEVEL = 0;
				GCC_PREPROCESSOR_DEFINITIONS = (
					"DEBUG=1",
					"$(inherited)",
				);
				GCC_WARN_64_TO_32_BIT_CONVERSION = YES;
				GCC_WARN_ABOUT_RETURN_TYPE = YES_ERROR;
				GCC_WARN_UNDECLARED_SELECTOR = YES;
				GCC_WARN_UNINITIALIZED_AUTOS = YES_AGGRESSIVE;
				GCC_WARN_UNUSED_FUNCTION = YES;
				GCC_WARN_UNUSED_VARIABLE = YES;
				IPHONEOS_DEPLOYMENT_TARGET = 15.4;
				MTL_ENABLE_DEBUG_INFO = INCLUDE_SOURCE;
				MTL_FAST_MATH = YES;
				ONLY_ACTIVE_ARCH = YES;
				SDKROOT = iphoneos;
				STRING_CATALOG_GENERATE_SYMBOLS = YES;
				SWIFT_ACTIVE_COMPILATION_CONDITIONS = DEBUG;
				SWIFT_OPTIMIZATION_LEVEL = "-Onone";
			};
			name = Debug;
		};
		2234B4D12822BF0400B8CCB0 /* Release */ = {
			isa = XCBuildConfiguration;
			buildSettings = {
				ALWAYS_SEARCH_USER_PATHS = NO;
				ASSETCATALOG_COMPILER_GENERATE_SWIFT_ASSET_SYMBOL_EXTENSIONS = YES;
				CLANG_ANALYZER_NONNULL = YES;
				CLANG_ANALYZER_NUMBER_OBJECT_CONVERSION = YES_AGGRESSIVE;
				CLANG_CXX_LANGUAGE_STANDARD = "gnu++17";
				CLANG_ENABLE_MODULES = YES;
				CLANG_ENABLE_OBJC_ARC = YES;
				CLANG_ENABLE_OBJC_WEAK = YES;
				CLANG_WARN_BLOCK_CAPTURE_AUTORELEASING = YES;
				CLANG_WARN_BOOL_CONVERSION = YES;
				CLANG_WARN_COMMA = YES;
				CLANG_WARN_CONSTANT_CONVERSION = YES;
				CLANG_WARN_DEPRECATED_OBJC_IMPLEMENTATIONS = YES;
				CLANG_WARN_DIRECT_OBJC_ISA_USAGE = YES_ERROR;
				CLANG_WARN_DOCUMENTATION_COMMENTS = YES;
				CLANG_WARN_EMPTY_BODY = YES;
				CLANG_WARN_ENUM_CONVERSION = YES;
				CLANG_WARN_INFINITE_RECURSION = YES;
				CLANG_WARN_INT_CONVERSION = YES;
				CLANG_WARN_NON_LITERAL_NULL_CONVERSION = YES;
				CLANG_WARN_OBJC_IMPLICIT_RETAIN_SELF = YES;
				CLANG_WARN_OBJC_LITERAL_CONVERSION = YES;
				CLANG_WARN_OBJC_ROOT_CLASS = YES_ERROR;
				CLANG_WARN_QUOTED_INCLUDE_IN_FRAMEWORK_HEADER = YES;
				CLANG_WARN_RANGE_LOOP_ANALYSIS = YES;
				CLANG_WARN_STRICT_PROTOTYPES = YES;
				CLANG_WARN_SUSPICIOUS_MOVE = YES;
				CLANG_WARN_UNGUARDED_AVAILABILITY = YES_AGGRESSIVE;
				CLANG_WARN_UNREACHABLE_CODE = YES;
				CLANG_WARN__DUPLICATE_METHOD_MATCH = YES;
				COPY_PHASE_STRIP = NO;
				DEBUG_INFORMATION_FORMAT = "dwarf-with-dsym";
				DEVELOPMENT_TEAM = Q95U4J4JFY;
				ENABLE_NS_ASSERTIONS = NO;
				ENABLE_STRICT_OBJC_MSGSEND = YES;
				ENABLE_USER_SCRIPT_SANDBOXING = YES;
				GCC_C_LANGUAGE_STANDARD = gnu11;
				GCC_NO_COMMON_BLOCKS = YES;
				GCC_WARN_64_TO_32_BIT_CONVERSION = YES;
				GCC_WARN_ABOUT_RETURN_TYPE = YES_ERROR;
				GCC_WARN_UNDECLARED_SELECTOR = YES;
				GCC_WARN_UNINITIALIZED_AUTOS = YES_AGGRESSIVE;
				GCC_WARN_UNUSED_FUNCTION = YES;
				GCC_WARN_UNUSED_VARIABLE = YES;
				IPHONEOS_DEPLOYMENT_TARGET = 15.4;
				MTL_ENABLE_DEBUG_INFO = NO;
				MTL_FAST_MATH = YES;
				SDKROOT = iphoneos;
				STRING_CATALOG_GENERATE_SYMBOLS = YES;
				SWIFT_COMPILATION_MODE = wholemodule;
				SWIFT_OPTIMIZATION_LEVEL = "-O";
				VALIDATE_PRODUCT = YES;
			};
			name = Release;
		};
		2234B4D32822BF0400B8CCB0 /* Debug */ = {
			isa = XCBuildConfiguration;
			buildSettings = {
				ASSETCATALOG_COMPILER_APPICON_NAME = AppIcon;
				ASSETCATALOG_COMPILER_GLOBAL_ACCENT_COLOR_NAME = AccentColor;
				CODE_SIGN_ENTITLEMENTS = "Gamer's Calendar/Gamer's Calendar.entitlements";
				CODE_SIGN_STYLE = Automatic;
				CURRENT_PROJECT_VERSION = 1;
				GENERATE_INFOPLIST_FILE = YES;
				INFOPLIST_FILE = "Gamer's Calendar/Info.plist";
				INFOPLIST_KEY_UIApplicationSupportsIndirectInputEvents = YES;
				INFOPLIST_KEY_UILaunchStoryboardName = LaunchScreen;
				INFOPLIST_KEY_UISupportedInterfaceOrientations_iPad = "UIInterfaceOrientationPortrait UIInterfaceOrientationPortraitUpsideDown UIInterfaceOrientationLandscapeLeft UIInterfaceOrientationLandscapeRight";
				INFOPLIST_KEY_UISupportedInterfaceOrientations_iPhone = "UIInterfaceOrientationPortrait UIInterfaceOrientationLandscapeLeft UIInterfaceOrientationLandscapeRight";
				LD_RUNPATH_SEARCH_PATHS = (
					"$(inherited)",
					"@executable_path/Frameworks",
				);
				MARKETING_VERSION = 1.0;
				PRODUCT_BUNDLE_IDENTIFIER = "com.bogdan.Gamer-s-Calendar";
				PRODUCT_NAME = "$(TARGET_NAME)";
				SUPPORTED_PLATFORMS = "iphoneos iphonesimulator";
				SUPPORTS_MACCATALYST = NO;
				SUPPORTS_MAC_DESIGNED_FOR_IPHONE_IPAD = NO;
				SWIFT_EMIT_LOC_STRINGS = YES;
				SWIFT_VERSION = 5.0;
				TARGETED_DEVICE_FAMILY = "1,2";
			};
			name = Debug;
		};
		2234B4D42822BF0400B8CCB0 /* Release */ = {
			isa = XCBuildConfiguration;
			buildSettings = {
				ASSETCATALOG_COMPILER_APPICON_NAME = AppIcon;
				ASSETCATALOG_COMPILER_GLOBAL_ACCENT_COLOR_NAME = AccentColor;
				CODE_SIGN_ENTITLEMENTS = "Gamer's Calendar/Gamer's Calendar.entitlements";
				CODE_SIGN_STYLE = Automatic;
				CURRENT_PROJECT_VERSION = 1;
				GENERATE_INFOPLIST_FILE = YES;
				INFOPLIST_FILE = "Gamer's Calendar/Info.plist";
				INFOPLIST_KEY_UIApplicationSupportsIndirectInputEvents = YES;
				INFOPLIST_KEY_UILaunchStoryboardName = LaunchScreen;
				INFOPLIST_KEY_UISupportedInterfaceOrientations_iPad = "UIInterfaceOrientationPortrait UIInterfaceOrientationPortraitUpsideDown UIInterfaceOrientationLandscapeLeft UIInterfaceOrientationLandscapeRight";
				INFOPLIST_KEY_UISupportedInterfaceOrientations_iPhone = "UIInterfaceOrientationPortrait UIInterfaceOrientationLandscapeLeft UIInterfaceOrientationLandscapeRight";
				LD_RUNPATH_SEARCH_PATHS = (
					"$(inherited)",
					"@executable_path/Frameworks",
				);
				MARKETING_VERSION = 1.0;
				PRODUCT_BUNDLE_IDENTIFIER = "com.bogdan.Gamer-s-Calendar";
				PRODUCT_NAME = "$(TARGET_NAME)";
				SUPPORTED_PLATFORMS = "iphoneos iphonesimulator";
				SUPPORTS_MACCATALYST = NO;
				SUPPORTS_MAC_DESIGNED_FOR_IPHONE_IPAD = NO;
				SWIFT_EMIT_LOC_STRINGS = YES;
				SWIFT_VERSION = 5.0;
				TARGETED_DEVICE_FAMILY = "1,2";
			};
			name = Release;
		};
		2234B4D62822BF0400B8CCB0 /* Debug */ = {
			isa = XCBuildConfiguration;
			buildSettings = {
				BUNDLE_LOADER = "$(TEST_HOST)";
				CLANG_ENABLE_MODULES = YES;
				CODE_SIGN_STYLE = Automatic;
				CURRENT_PROJECT_VERSION = 1;
				GENERATE_INFOPLIST_FILE = YES;
				IPHONEOS_DEPLOYMENT_TARGET = 15.4;
				MARKETING_VERSION = 1.0;
				PRODUCT_BUNDLE_IDENTIFIER = "com.bogdan.Gamer-s-CalendarTests";
				PRODUCT_NAME = "$(TARGET_NAME)";
				SWIFT_EMIT_LOC_STRINGS = NO;
				SWIFT_OBJC_BRIDGING_HEADER = "Gamer's CalendarTests-Bridging-Header.h";
				SWIFT_OPTIMIZATION_LEVEL = "-Onone";
				SWIFT_VERSION = 5.0;
				TARGETED_DEVICE_FAMILY = "1,2";
				TEST_HOST = "$(BUILT_PRODUCTS_DIR)/Gamer's Calendar.app/Gamer's Calendar";
			};
			name = Debug;
		};
		2234B4D72822BF0400B8CCB0 /* Release */ = {
			isa = XCBuildConfiguration;
			buildSettings = {
				BUNDLE_LOADER = "$(TEST_HOST)";
				CLANG_ENABLE_MODULES = YES;
				CODE_SIGN_STYLE = Automatic;
				CURRENT_PROJECT_VERSION = 1;
				GENERATE_INFOPLIST_FILE = YES;
				IPHONEOS_DEPLOYMENT_TARGET = 15.4;
				MARKETING_VERSION = 1.0;
				PRODUCT_BUNDLE_IDENTIFIER = "com.bogdan.Gamer-s-CalendarTests";
				PRODUCT_NAME = "$(TARGET_NAME)";
				SWIFT_EMIT_LOC_STRINGS = NO;
				SWIFT_OBJC_BRIDGING_HEADER = "Gamer's CalendarTests-Bridging-Header.h";
				SWIFT_VERSION = 5.0;
				TARGETED_DEVICE_FAMILY = "1,2";
				TEST_HOST = "$(BUILT_PRODUCTS_DIR)/Gamer's Calendar.app/Gamer's Calendar";
			};
			name = Release;
		};
		2234B4D92822BF0400B8CCB0 /* Debug */ = {
			isa = XCBuildConfiguration;
			buildSettings = {
				CODE_SIGN_STYLE = Automatic;
				CURRENT_PROJECT_VERSION = 1;
				GENERATE_INFOPLIST_FILE = YES;
				MARKETING_VERSION = 1.0;
				PRODUCT_BUNDLE_IDENTIFIER = "com.bogdan.Gamer-s-CalendarUITests";
				PRODUCT_NAME = "$(TARGET_NAME)";
				SWIFT_EMIT_LOC_STRINGS = NO;
				SWIFT_VERSION = 5.0;
				TARGETED_DEVICE_FAMILY = "1,2";
				TEST_TARGET_NAME = "Gamer's Calendar";
			};
			name = Debug;
		};
		2234B4DA2822BF0400B8CCB0 /* Release */ = {
			isa = XCBuildConfiguration;
			buildSettings = {
				CODE_SIGN_STYLE = Automatic;
				CURRENT_PROJECT_VERSION = 1;
				GENERATE_INFOPLIST_FILE = YES;
				MARKETING_VERSION = 1.0;
				PRODUCT_BUNDLE_IDENTIFIER = "com.bogdan.Gamer-s-CalendarUITests";
				PRODUCT_NAME = "$(TARGET_NAME)";
				SWIFT_EMIT_LOC_STRINGS = NO;
				SWIFT_VERSION = 5.0;
				TARGETED_DEVICE_FAMILY = "1,2";
				TEST_TARGET_NAME = "Gamer's Calendar";
			};
			name = Release;
		};
		43949C672FFC3AD8009E11E5 /* Debug */ = {
			isa = XCBuildConfiguration;
			buildSettings = {
				ASSETCATALOG_COMPILER_GLOBAL_ACCENT_COLOR_NAME = AccentColor;
				ASSETCATALOG_COMPILER_WIDGET_BACKGROUND_COLOR_NAME = WidgetBackground;
				CLANG_CXX_LANGUAGE_STANDARD = "gnu++20";
				CODE_SIGN_ENTITLEMENTS = GamerCalendarWidgetExtension.entitlements;
				CODE_SIGN_STYLE = Automatic;
				CURRENT_PROJECT_VERSION = 1;
				GCC_C_LANGUAGE_STANDARD = gnu17;
				GENERATE_INFOPLIST_FILE = YES;
				INFOPLIST_FILE = GamerCalendarWidget/Info.plist;
				INFOPLIST_KEY_CFBundleDisplayName = GamerCalendarWidget;
				INFOPLIST_KEY_NSHumanReadableCopyright = "";
				IPHONEOS_DEPLOYMENT_TARGET = 26.5;
				LD_RUNPATH_SEARCH_PATHS = (
					"$(inherited)",
					"@executable_path/Frameworks",
					"@executable_path/../../Frameworks",
				);
				LOCALIZATION_PREFERS_STRING_CATALOGS = YES;
				MARKETING_VERSION = 1.0;
				PRODUCT_BUNDLE_IDENTIFIER = "com.bogdan.Gamer-s-Calendar.GamerCalendarWidget";
				PRODUCT_NAME = "$(TARGET_NAME)";
				SKIP_INSTALL = YES;
				STRING_CATALOG_GENERATE_SYMBOLS = YES;
				SWIFT_ACTIVE_COMPILATION_CONDITIONS = "DEBUG $(inherited)";
				SWIFT_APPROACHABLE_CONCURRENCY = YES;
				SWIFT_EMIT_LOC_STRINGS = YES;
				SWIFT_UPCOMING_FEATURE_MEMBER_IMPORT_VISIBILITY = YES;
				SWIFT_VERSION = 5.0;
				TARGETED_DEVICE_FAMILY = "1,2";
			};
			name = Debug;
		};
		43949C682FFC3AD8009E11E5 /* Release */ = {
			isa = XCBuildConfiguration;
			buildSettings = {
				ASSETCATALOG_COMPILER_GLOBAL_ACCENT_COLOR_NAME = AccentColor;
				ASSETCATALOG_COMPILER_WIDGET_BACKGROUND_COLOR_NAME = WidgetBackground;
				CLANG_CXX_LANGUAGE_STANDARD = "gnu++20";
				CODE_SIGN_ENTITLEMENTS = GamerCalendarWidgetExtension.entitlements;
				CODE_SIGN_STYLE = Automatic;
				CURRENT_PROJECT_VERSION = 1;
				GCC_C_LANGUAGE_STANDARD = gnu17;
				GENERATE_INFOPLIST_FILE = YES;
				INFOPLIST_FILE = GamerCalendarWidget/Info.plist;
				INFOPLIST_KEY_CFBundleDisplayName = GamerCalendarWidget;
				INFOPLIST_KEY_NSHumanReadableCopyright = "";
				IPHONEOS_DEPLOYMENT_TARGET = 26.5;
				LD_RUNPATH_SEARCH_PATHS = (
					"$(inherited)",
					"@executable_path/Frameworks",
					"@executable_path/../../Frameworks",
				);
				LOCALIZATION_PREFERS_STRING_CATALOGS = YES;
				MARKETING_VERSION = 1.0;
				PRODUCT_BUNDLE_IDENTIFIER = "com.bogdan.Gamer-s-Calendar.GamerCalendarWidget";
				PRODUCT_NAME = "$(TARGET_NAME)";
				SKIP_INSTALL = YES;
				STRING_CATALOG_GENERATE_SYMBOLS = YES;
				SWIFT_APPROACHABLE_CONCURRENCY = YES;
				SWIFT_EMIT_LOC_STRINGS = YES;
				SWIFT_UPCOMING_FEATURE_MEMBER_IMPORT_VISIBILITY = YES;
				SWIFT_VERSION = 5.0;
				TARGETED_DEVICE_FAMILY = "1,2";
			};
			name = Release;
		};
/* End XCBuildConfiguration section */

/* Begin XCConfigurationList section */
		2234B4A32822BF0100B8CCB0 /* Build configuration list for PBXProject "Gamer's Calendar" */ = {
			isa = XCConfigurationList;
			buildConfigurations = (
				2234B4D02822BF0400B8CCB0 /* Debug */,
				2234B4D12822BF0400B8CCB0 /* Release */,
			);
			defaultConfigurationIsVisible = 0;
			defaultConfigurationName = Release;
		};
		2234B4D22822BF0400B8CCB0 /* Build configuration list for PBXNativeTarget "Gamer's Calendar" */ = {
			isa = XCConfigurationList;
			buildConfigurations = (
				2234B4D32822BF0400B8CCB0 /* Debug */,
				2234B4D42822BF0400B8CCB0 /* Release */,
			);
			defaultConfigurationIsVisible = 0;
			defaultConfigurationName = Release;
		};
		2234B4D52822BF0400B8CCB0 /* Build configuration list for PBXNativeTarget "Gamer's CalendarTests" */ = {
			isa = XCConfigurationList;
			buildConfigurations = (
				2234B4D62822BF0400B8CCB0 /* Debug */,
				2234B4D72822BF0400B8CCB0 /* Release */,
			);
			defaultConfigurationIsVisible = 0;
			defaultConfigurationName = Release;
		};
		2234B4D82822BF0400B8CCB0 /* Build configuration list for PBXNativeTarget "Gamer's CalendarUITests" */ = {
			isa = XCConfigurationList;
			buildConfigurations = (
				2234B4D92822BF0400B8CCB0 /* Debug */,
				2234B4DA2822BF0400B8CCB0 /* Release */,
			);
			defaultConfigurationIsVisible = 0;
			defaultConfigurationName = Release;
		};
		43949C662FFC3AD8009E11E5 /* Build configuration list for PBXNativeTarget "GamerCalendarWidgetExtension" */ = {
			isa = XCConfigurationList;
			buildConfigurations = (
				43949C672FFC3AD8009E11E5 /* Debug */,
				43949C682FFC3AD8009E11E5 /* Release */,
			);
			defaultConfigurationIsVisible = 0;
			defaultConfigurationName = Release;
		};
/* End XCConfigurationList section */
	};
	rootObject = 2234B4A02822BF0100B8CCB0 /* Project object */;
}
